// !$*UTF8*$!
{
	archiveVersion = 1;
	classes = {
	};
	objectVersion = 46;
	objects = {

/* Begin PBXBuildFile section */
		207A264B1DE7EE5400DB140F /* main.m in Sources */ = {isa = PBXBuildFile; fileRef = 207A264A1DE7EE5400DB140F /* main.m */; };
		207A264E1DE7EE5400DB140F /* AppDelegate.m in Sources */ = {isa = PBXBuildFile; fileRef = 207A264D1DE7EE5400DB140F /* AppDelegate.m */; };
		207A26511DE7EE5400DB140F /* ViewController.m in Sources */ = {isa = PBXBuildFile; fileRef = 207A26501DE7EE5400DB140F /* ViewController.m */; };
		207A26541DE7EE5400DB140F /* Main.storyboard in Resources */ = {isa = PBXBuildFile; fileRef = 207A26521DE7EE5400DB140F /* Main.storyboard */; };
		207A26561DE7EE5400DB140F /* Assets.xcassets in Resources */ = {isa = PBXBuildFile; fileRef = 207A26551DE7EE5400DB140F /* Assets.xcassets */; };
		207A26591DE7EE5400DB140F /* LaunchScreen.storyboard in Resources */ = {isa = PBXBuildFile; fileRef = 207A26571DE7EE5400DB140F /* LaunchScreen.storyboard */; };
		207A26631DE7EEC100DB140F /* XCOneViewController.m in Sources */ = {isa = PBXBuildFile; fileRef = 207A26611DE7EEC100DB140F /* XCOneViewController.m */; };
		207A26641DE7EEC100DB140F /* XCOneViewController.xib in Resources */ = {isa = PBXBuildFile; fileRef = 207A26621DE7EEC100DB140F /* XCOneViewController.xib */; };
		207A26681DE7EED000DB140F /* XCTwoViewController.m in Sources */ = {isa = PBXBuildFile; fileRef = 207A26661DE7EED000DB140F /* XCTwoViewController.m */; };
		207A26691DE7EED000DB140F /* XCTwoViewController.xib in Resources */ = {isa = PBXBuildFile; fileRef = 207A26671DE7EED000DB140F /* XCTwoViewController.xib */; };
/* End PBXBuildFile section */

/* Begin PBXFileReference section */
		207A26461DE7EE5300DB140F /* 父子控制器和push.app */ = {isa = PBXFileReference; explicitFileType = wrapper.application; includeInIndex = 0; path = "父子控制器和push.app"; sourceTree = BUILT_PRODUCTS_DIR; };
		207A264A1DE7EE5400DB140F /* main.m */ = {isa = PBXFileReference; lastKnownFileType = sourcecode.c.objc; path = main.m; sourceTree = "<group>"; };
		207A264C1DE7EE5400DB140F /* AppDelegate.h */ = {isa = PBXFileReference; lastKnownFileType = sourcecode.c.h; path = AppDelegate.h; sourceTree = "<group>"; };
		207A264D1DE7EE5400DB140F /* AppDelegate.m */ = {isa = PBXFileReference; lastKnownFileType = sourcecode.c.objc; path = AppDelegate.m; sourceTree = "<group>"; };
		207A264F1DE7EE5400DB140F /* ViewController.h */ = {isa = PBXFileReference; lastKnownFileType = sourcecode.c.h; path = ViewController.h; sourceTree = "<group>"; };
		207A26501DE7EE5400DB140F /* ViewController.m */ = {isa = PBXFileReference; lastKnownFileType = sourcecode.c.objc; path = ViewController.m; sourceTree = "<group>"; };
		207A26531DE7EE5400DB140F /* Base */ = {isa = PBXFileReference; lastKnownFileType = file.storyboard; name = Base; path = Base.lproj/Main.storyboard; sourceTree = "<group>"; };
		207A26551DE7EE5400DB140F /* Assets.xcassets */ = {isa = PBXFileReference; lastKnownFileType = folder.assetcatalog; path = Assets.xcassets; sourceTree = "<group>"; };
		207A26581DE7EE5400DB140F /* Base */ = {isa = PBXFileReference; lastKnownFileType = file.storyboard; name = Base; path = Base.lproj/LaunchScreen.storyboard; sourceTree = "<group>"; };
		207A265A1DE7EE5400DB140F /* Info.plist */ = {isa = PBXFileReference; lastKnownFileType = text.plist.xml; path = Info.plist; sourceTree = "<group>"; };
		207A26601DE7EEC100DB140F /* XCOneViewController.h */ = {isa = PBXFileReference; fileEncoding = 4; lastKnownFileType = sourcecode.c.h; path = XCOneViewController.h; sourceTree = "<group>"; };
		207A26611DE7EEC100DB140F /* XCOneViewController.m */ = {isa = PBXFileReference; fileEncoding = 4; lastKnownFileType = sourcecode.c.objc; path = XCOneViewController.m; sourceTree = "<group>"; };
		207A26621DE7EEC100DB140F /* XCOneViewController.xib */ = {isa = PBXFileReference; fileEncoding = 4; lastKnownFileType = file.xib; path = XCOneViewController.xib; sourceTree = "<group>"; };
		207A26651DE7EED000DB140F /* XCTwoViewController.h */ = {isa = PBXFileReference; fileEncoding = 4; lastKnownFileType = sourcecode.c.h; path = XCTwoViewController.h; sourceTree = "<group>"; };
		207A26661DE7EED000DB140F /* XCTwoViewController.m */ = {isa = PBXFileReference; fileEncoding = 4; lastKnownFileType = sourcecode.c.objc; path = XCTwoViewController.m; sourceTree = "<group>"; };
		207A26671DE7EED000DB140F /* XCTwoViewController.xib */ = {isa = PBXFileReference; fileEncoding = 4; lastKnownFileType = file.xib; path = XCTwoViewController.xib; sourceTree = "<group>"; };
/* End PBXFileReference section */

/* Begin PBXFrameworksBuildPhase section */
		207A26431DE7EE5300DB140F /* Frameworks */ = {
			isa = PBXFrameworksBuildPhase;
			buildActionMask = 2147483647;
			files = (
			);
			runOnlyForDeploymentPostprocessing = 0;
		};
/* End PBXFrameworksBuildPhase section */

/* Begin PBXGroup section */
		207A263D1DE7EE5300DB140F = {
			isa = PBXGroup;
			children = (
				207A26601DE7EEC100DB140F /* XCOneViewController.h */,
				207A26611DE7EEC100DB140F /* XCOneViewController.m */,
				207A26621DE7EEC100DB140F /* XCOneViewController.xib */,
				207A26651DE7EED000DB140F /* XCTwoViewController.h */,
				207A26661DE7EED000DB140F /* XCTwoViewController.m */,
				207A26671DE7EED000DB140F /* XCTwoViewController.xib */,
				207A26481DE7EE5400DB140F /* 父子控制器和push */,
				207A26471DE7EE5300DB140F /* Products */,
			);
			sourceTree = "<group>";
		};
		207A26471DE7EE5300DB140F /* Products */ = {
			isa = PBXGroup;
			children = (
				207A26461DE7EE5300DB140F /* 父子控制器和push.app */,
			);
			name = Products;
			sourceTree = "<group>";
		};
		207A26481DE7EE5400DB140F /* 父子控制器和push */ = {
			isa = PBXGroup;
			children = (
				207A264C1DE7EE5400DB140F /* AppDelegate.h */,
				207A264D1DE7EE5400DB140F /* AppDelegate.m */,
				207A264F1DE7EE5400DB140F /* ViewController.h */,
				207A26501DE7EE5400DB140F /* ViewController.m */,
				207A26521DE7EE5400DB140F /* Main.storyboard */,
				207A26551DE7EE5400DB140F /* Assets.xcassets */,
				207A26571DE7EE5400DB140F /* LaunchScreen.storyboard */,
				207A265A1DE7EE5400DB140F /* Info.plist */,
				207A26491DE7EE5400DB140F /* Supporting Files */,
			);
			path = "父子控制器和push";
			sourceTree = "<group>";
		};
		207A26491DE7EE5400DB140F /* Supporting Files */ = {
			isa = PBXGroup;
			children = (
				207A264A1DE7EE5400DB140F /* main.m */,
			);
			name = "Supporting Files";
			sourceTree = "<group>";
		};
/* End PBXGroup section */

/* Begin PBXNativeTarget section */
		207A26451DE7EE5300DB140F /* 父子控制器和push */ = {
			isa = PBXNativeTarget;
			buildConfigurationList = 207A265D1DE7EE5400DB140F /* Build configuration list for PBXNativeTarget "父子控制器和push" */;
			buildPhases = (
				207A26421DE7EE5300DB140F /* Sources */,
				207A26431DE7EE5300DB140F /* Frameworks */,
				207A26441DE7EE5300DB140F /* Resources */,
			);
			buildRules = (
			);
			dependencies = (
			);
			name = "父子控制器和push";
			productName = "父子控制器和push";
			productReference = 207A26461DE7EE5300DB140F /* 父子控制器和push.app */;
			productType = "com.apple.product-type.application";
		};
/* End PBXNativeTarget section */

/* Begin PBXProject section */
		207A263E1DE7EE5300DB140F /* Project object */ = {
			isa = PBXProject;
			attributes = {
				LastUpgradeCheck = 0730;
				ORGANIZATIONNAME = Liuxingchen;
				TargetAttributes = {
					207A26451DE7EE5300DB140F = {
						CreatedOnToolsVersion = 7.3.1;
					};
				};
			};
			buildConfigurationList = 207A26411DE7EE5300DB140F /* Build configuration list for PBXProject "父子控制器和push" */;
			compatibilityVersion = "Xcode 3.2";
			developmentRegion = English;
			hasScannedForEncodings = 0;
			knownRegions = (
				en,
				Base,
			);
			mainGroup = 207A263D1DE7EE5300DB140F;
			productRefGroup = 207A26471DE7EE5300DB140F /* Products */;
			projectDirPath = "";
			projectRoot = "";
			targets = (
				207A26451DE7EE5300DB140F /* 父子控制器和push */,
			);
		};
/* End PBXProject section */

/* Begin PBXResourcesBuildPhase section */
		207A26441DE7EE5300DB140F /* Resources */ = {
			isa = PBXResourcesBuildPhase;
			buildActionMask = 2147483647;
			files = (
				207A26641DE7EEC100DB140F /* XCOneViewController.xib in Resources */,
				207A26691DE7EED000DB140F /* XCTwoViewController.xib in Resources */,
				207A26591DE7EE5400DB140F /* LaunchScreen.storyboard in Resources */,
				207A26561DE7EE5400DB140F /* Assets.xcassets in Resources */,
				207A26541DE7EE5400DB140F /* Main.storyboard in Resources */,
			);
			runOnlyForDeploymentPostprocessing = 0;
		};
/* End PBXResourcesBuildPhase section */

/* Begin PBXSourcesBuildPhase section */
		207A26421DE7EE5300DB140F /* Sources */ = {
			isa = PBXSourcesBuildPhase;
			buildActionMask = 2147483647;
			files = (
				207A26631DE7EEC100DB140F /* XCOneViewController.m in Sources */,
				207A26511DE7EE5400DB140F /* ViewController.m in Sources */,
				207A264E1DE7EE5400DB140F /* AppDelegate.m in Sources */,
				207A26681DE7EED000DB140F /* XCTwoViewController.m in Sources */,
				207A264B1DE7EE5400DB140F /* main.m in Sources */,
			);
			runOnlyForDeploymentPostprocessing = 0;
		};
/* End PBXSourcesBuildPhase section */

/* Begin PBXVariantGroup section */
		207A26521DE7EE5400DB140F /* Main.storyboard */ = {
			isa = PBXVariantGroup;
			children = (
				207A26531DE7EE5400DB140F /* Base */,
			);
			name = Main.storyboard;
			sourceTree = "<group>";
		};
		207A26571DE7EE5400DB140F /* LaunchScreen.storyboard */ = {
			isa = PBXVariantGroup;
			children = (
				207A26581DE7EE5400DB140F /* Base */,
			);
			name = LaunchScreen.storyboard;
			sourceTree = "<group>";
		};
/* End PBXVariantGroup section */

/* Begin XCBuildConfiguration section */
		207A265B1DE7EE5400DB140F /* Debug */ = {
			isa = XCBuildConfiguration;
			buildSettings = {
				ALWAYS_SEARCH_USER_PATHS = NO;
				CLANG_ANALYZER_NONNULL = YES;
				CLANG_CXX_LANGUAGE_STANDARD = "gnu++0x";
				CLANG_CXX_LIBRARY = "libc++";
				CLANG_ENABLE_MODULES = YES;
				CLANG_ENABLE_OBJC_ARC = YES;
				CLANG_WARN_BOOL_CONVERSION = YES;
				CLANG_WARN_CONSTANT_CONVERSION = YES;
				CLANG_WARN_DIRECT_OBJC_ISA_USAGE = YES_ERROR;
				CLANG_WARN_EMPTY_BODY = YES;
				CLANG_WARN_ENUM_CONVERSION = YES;
				CLANG_WARN_INT_CONVERSION = YES;
				CLANG_WARN_OBJC_ROOT_CLASS = YES_ERROR;
				CLANG_WARN_UNREACHABLE_CODE = YES;
				CLANG_WARN__DUPLICATE_METHOD_MATCH = YES;
				"CODE_SIGN_IDENTITY[sdk=iphoneos*]" = "iPhone Developer";
				COPY_PHASE_STRIP = NO;
				DEBUG_INFORMATION_FORMAT = dwarf;
				ENABLE_STRICT_OBJC_MSGSEND = YES;
				ENABLE_TESTABILITY = YES;
				GCC_C_LANGUAGE_STANDARD = gnu99;
				GCC_DYNAMIC_NO_PIC = NO;
				GCC_NO_COMMON_BLOCKS = YES;
				GCC_OPTIMIZATION_LEVEL = 0;
				GCC_PREPROCESSOR_DEFINITIONS = (
					"DEBUG=1",
					"$(inherited)",
				);
				GCC_WARN_64_TO_32_BIT_CONVERSION = YES;
				GCC_WARN_ABOUT_RETURN_TYPE = YES_ERROR;
				GCC_WARN_UNDECLARED_SELECTOR = YES;
				GCC_WARN_UNINITIALIZED_AUTOS = YES_AGGRESSIVE;
				GCC_WARN_UNUSED_FUNCTION = YES;
				GCC_WARN_UNUSED_VARIABLE = YES;
				IPHONEOS_DEPLOYMENT_TARGET = 9.3;
				MTL_ENABLE_DEBUG_INFO = YES;
				ONLY_ACTIVE_ARCH = YES;
				SDKROOT = iphoneos;
			};
			name = Debug;
		};
		207A265C1DE7EE5400DB140F /* Release */ = {
			isa = XCBuildConfiguration;
			buildSettings = {
				ALWAYS_SEARCH_USER_PATHS = NO;
				CLANG_ANALYZER_NONNULL = YES;
				CLANG_CXX_LANGUAGE_STANDARD = "gnu++0x";
				CLANG_CXX_LIBRARY = "libc++";
				CLANG_ENABLE_MODULES = YES;
				CLANG_ENABLE_OBJC_ARC = YES;
				CLANG_WARN_BOOL_CONVERSION = YES;
				CLANG_WARN_CONSTANT_CONVERSION = YES;
				CLANG_WARN_DIRECT_OBJC_ISA_USAGE = YES_ERROR;
				CLANG_WARN_EMPTY_BODY = YES;
				CLANG_WARN_ENUM_CONVERSION = YES;
				CLANG_WARN_INT_CONVERSION = YES;
				CLANG_WARN_OBJC_ROOT_CLASS = YES_ERROR;
				CLANG_WARN_UNREACHABLE_CODE = YES;
				CLANG_WARN__DUPLICATE_METHOD_MATCH = YES;
				"CODE_SIGN_IDENTITY[sdk=iphoneos*]" = "iPhone Developer";
				COPY_PHASE_STRIP = NO;
				DEBUG_INFORMATION_FORMAT = "dwarf-with-dsym";
				ENABLE_NS_ASSERTIONS = NO;
				ENABLE_STRICT_OBJC_MSGSEND = YES;
				GCC_C_LANGUAGE_STANDARD = gnu99;
				GCC_NO_COMMON_BLOCKS = YES;
				GCC_WARN_64_TO_32_BIT_CONVERSION = YES;
				GCC_WARN_ABOUT_RETURN_TYPE = YES_ERROR;
				GCC_WARN_UNDECLARED_SELECTOR = YES;
				GCC_WARN_UNINITIALIZED_AUTOS = YES_AGGRESSIVE;
				GCC_WARN_UNUSED_FUNCTION = YES;
				GCC_WARN_UNUSED_VARIABLE = YES;
				IPHONEOS_DEPLOYMENT_TARGET = 9.3;
				MTL_ENABLE_DEBUG_INFO = NO;
				SDKROOT = iphoneos;
				VALIDATE_PRODUCT = YES;
			};
			name = Release;
		};
		207A265E1DE7EE5400DB140F /* Debug */ = {
			isa = XCBuildConfiguration;
			buildSettings = {
				ASSETCATALOG_COMPILER_APPICON_NAME = AppIcon;
				INFOPLIST_FILE = "父子控制器和push/Info.plist";
				LD_RUNPATH_SEARCH_PATHS = "$(inherited) @executable_path/Frameworks";
				PRODUCT_BUNDLE_IDENTIFIER = "net.intelet.------push";
				PRODUCT_NAME = "$(TARGET_NAME)";
			};
			name = Debug;
		};
		207A265F1DE7EE5400DB140F /* Release */ = {
			isa = XCBuildConfiguration;
			buildSettings = {
				ASSETCATALOG_COMPILER_APPICON_NAME = AppIcon;
				INFOPLIST_FILE = "父子控制器和push/Info.plist";
				LD_RUNPATH_SEARCH_PATHS = "$(inherited) @executable_path/Frameworks";
				PRODUCT_BUNDLE_IDENTIFIER = "net.intelet.------push";
				PRODUCT_NAME = "$(TARGET_NAME)";
			};
			name = Release;
		};
/* End XCBuildConfiguration section */

/* Begin XCConfigurationList section */
		207A26411DE7EE5300DB140F /* Build configuration list for PBXProject "父子控制器和push" */ = {
			isa = XCConfigurationList;
			buildConfigurations = (
				207A265B1DE7EE5400DB140F /* Debug */,
				207A265C1DE7EE5400DB140F /* Release */,
			);
			defaultConfigurationIsVisible = 0;
			defaultConfigurationName = Release;
		};
		207A265D1DE7EE5400DB140F /* Build configuration list for PBXNativeTarget "父子控制器和push" */ = {
			isa = XCConfigurationList;
			buildConfigurations = (
				207A265E1DE7EE5400DB140F /* Debug */,
				207A265F1DE7EE5400DB140F /* Release */,
			);
			defaultConfigurationIsVisible = 0;
		};
/* End XCConfigurationList section */
	};
	rootObject = 207A263E1DE7EE5300DB140F /* Project object */;
}
